
Microsoft Visual Studio Solution File, Format Version 12.00
# Visual Studio Version 17
VisualStudioVersion = 17.0.31903.59
MinimumVisualStudioVersion = 10.0.40219.1
Project("{2150E333-8FDC-42A3-9474-1A3956D46DE8}") = "src", "src", "{092A369B-62D7-4B41-B9C1-8B8574A9196B}"
EndProject
Project("{FAE04EC0-301F-11D3-BF4B-00C04F79EFBC}") = "service-a", "service-a\service-a.csproj", "{B8068ECB-6090-4285-B871-3BDB071A47B3}"
EndProject
Project("{FAE04EC0-301F-11D3-BF4B-00C04F79EFBC}") = "service-b", "service-b\service-b.csproj", "{D002CF34-9FE9-4075-A9FC-3BDE7D593309}"
EndProject
Global
	GlobalSection(SolutionConfigurationPlatforms) = preSolution
		Debug|Any CPU = Debug|Any CPU
		Release|Any CPU = Release|Any CPU
	EndGlobalSection
	GlobalSection(SolutionProperties) = preSolution
		HideSolutionNode = FALSE
	EndGlobalSection
	GlobalSection(ProjectConfigurationPlatforms) = postSolution
		{B8068ECB-6090-4285-B871-3BDB071A47B3}.Debug|Any CPU.ActiveCfg = Debug|Any CPU
		{B8068ECB-6090-4285-B871-3BDB071A47B3}.Debug|Any CPU.Build.0 = Debug|Any CPU
		{B8068ECB-6090-4285-B871-3BDB071A47B3}.Release|Any CPU.ActiveCfg = Release|Any CPU
		{B8068ECB-6090-4285-B871-3BDB071A47B3}.Release|Any CPU.Build.0 = Release|Any CPU
		{D002CF34-9FE9-4075-A9FC-3BDE7D593309}.Debug|Any CPU.ActiveCfg = Debug|Any CPU
		{D002CF34-9FE9-4075-A9FC-3BDE7D593309}.Debug|Any CPU.Build.0 = Debug|Any CPU
		{D002CF34-9FE9-4075-A9FC-3BDE7D593309}.Release|Any CPU.ActiveCfg = Release|Any CPU
		{D002CF34-9FE9-4075-A9FC-3BDE7D593309}.Release|Any CPU.Build.0 = Release|Any CPU
	EndGlobalSection
	GlobalSection(NestedProjects) = preSolution
		{B8068ECB-6090-4285-B871-3BDB071A47B3} = {092A369B-62D7-4B41-B9C1-8B8574A9196B}
		{D002CF34-9FE9-4075-A9FC-3BDE7D593309} = {092A369B-62D7-4B41-B9C1-8B8574A9196B}
	EndGlobalSection
EndGlobal
